
Microsoft Visual Studio Solution File, Format Version 12.00
# Visual Studio 2013
VisualStudioVersion = 12.0.40629.0
MinimumVisualStudioVersion = 10.0.40219.1
Project("{FAE04EC0-301F-11D3-BF4B-00C04F79EFBC}") = "DemosClient.Service", "DemosClient.Service\DemosClient.Service.csproj", "{3B4B593B-8C89-47DE-B7C2-C5406A705690}"
EndProject
Project("{FAE04EC0-301F-11D3-BF4B-00C04F79EFBC}") = "DemosClient.ClienteSVCUtil", "DemosClient.ClienteSVCUtil\DemosClient.ClienteSVCUtil.csproj", "{4664BB7E-05CD-48BA-BA5C-7D3B45F4E1C6}"
EndProject
Project("{FAE04EC0-301F-11D3-BF4B-00C04F79EFBC}") = "DemosClient.ClienteAddServRef", "DemosClient.ClienteAddServRef\DemosClient.ClienteAddServRef.csproj", "{EDD56645-97EA-4FE3-BAB9-3173C1FEDDC6}"
	ProjectSection(ProjectDependencies) = postProject
		{3B4B593B-8C89-47DE-B7C2-C5406A705690} = {3B4B593B-8C89-47DE-B7C2-C5406A705690}
	EndProjectSection
EndProject
Global
	GlobalSection(SolutionConfigurationPlatforms) = preSolution
		Debug|Any CPU = Debug|Any CPU
		Release|Any CPU = Release|Any CPU
	EndGlobalSection
	GlobalSection(ProjectConfigurationPlatforms) = postSolution
		{3B4B593B-8C89-47DE-B7C2-C5406A705690}.Debug|Any CPU.ActiveCfg = Debug|Any CPU
		{3B4B593B-8C89-47DE-B7C2-C5406A705690}.Debug|Any CPU.Build.0 = Debug|Any CPU
		{3B4B593B-8C89-47DE-B7C2-C5406A705690}.Release|Any CPU.ActiveCfg = Release|Any CPU
		{3B4B593B-8C89-47DE-B7C2-C5406A705690}.Release|Any CPU.Build.0 = Release|Any CPU
		{4664BB7E-05CD-48BA-BA5C-7D3B45F4E1C6}.Debug|Any CPU.ActiveCfg = Debug|Any CPU
		{4664BB7E-05CD-48BA-BA5C-7D3B45F4E1C6}.Debug|Any CPU.Build.0 = Debug|Any CPU
		{4664BB7E-05CD-48BA-BA5C-7D3B45F4E1C6}.Release|Any CPU.ActiveCfg = Release|Any CPU
		{4664BB7E-05CD-48BA-BA5C-7D3B45F4E1C6}.Release|Any CPU.Build.0 = Release|Any CPU
		{EDD56645-97EA-4FE3-BAB9-3173C1FEDDC6}.Debug|Any CPU.ActiveCfg = Debug|Any CPU
		{EDD56645-97EA-4FE3-BAB9-3173C1FEDDC6}.Debug|Any CPU.Build.0 = Debug|Any CPU
		{EDD56645-97EA-4FE3-BAB9-3173C1FEDDC6}.Release|Any CPU.ActiveCfg = Release|Any CPU
		{EDD56645-97EA-4FE3-BAB9-3173C1FEDDC6}.Release|Any CPU.Build.0 = Release|Any CPU
	EndGlobalSection
	GlobalSection(SolutionProperties) = preSolution
		HideSolutionNode = FALSE
	EndGlobalSection
EndGlobal
