
Microsoft Visual Studio Solution File, Format Version 12.00
# Visual Studio 2013
VisualStudioVersion = 12.0.40629.0
MinimumVisualStudioVersion = 10.0.40219.1
Project("{FAE04EC0-301F-11D3-BF4B-00C04F79EFBC}") = "HelloWorldService", "HelloWorldService\HelloWorldService.csproj", "{6594B0D4-A11A-4611-A4C3-7CF35083ABC6}"
EndProject
Project("{FAE04EC0-301F-11D3-BF4B-00C04F79EFBC}") = "Client", "Client\Client.csproj", "{20EF62DB-6A3D-4942-B07A-5F49921FD580}"
	ProjectSection(ProjectDependencies) = postProject
		{6594B0D4-A11A-4611-A4C3-7CF35083ABC6} = {6594B0D4-A11A-4611-A4C3-7CF35083ABC6}
	EndProjectSection
EndProject
Global
	GlobalSection(SolutionConfigurationPlatforms) = preSolution
		Debug|Any CPU = Debug|Any CPU
		Release|Any CPU = Release|Any CPU
	EndGlobalSection
	GlobalSection(ProjectConfigurationPlatforms) = postSolution
		{6594B0D4-A11A-4611-A4C3-7CF35083ABC6}.Debug|Any CPU.ActiveCfg = Debug|Any CPU
		{6594B0D4-A11A-4611-A4C3-7CF35083ABC6}.Debug|Any CPU.Build.0 = Debug|Any CPU
		{6594B0D4-A11A-4611-A4C3-7CF35083ABC6}.Release|Any CPU.ActiveCfg = Release|Any CPU
		{6594B0D4-A11A-4611-A4C3-7CF35083ABC6}.Release|Any CPU.Build.0 = Release|Any CPU
		{20EF62DB-6A3D-4942-B07A-5F49921FD580}.Debug|Any CPU.ActiveCfg = Debug|Any CPU
		{20EF62DB-6A3D-4942-B07A-5F49921FD580}.Debug|Any CPU.Build.0 = Debug|Any CPU
		{20EF62DB-6A3D-4942-B07A-5F49921FD580}.Release|Any CPU.ActiveCfg = Release|Any CPU
		{20EF62DB-6A3D-4942-B07A-5F49921FD580}.Release|Any CPU.Build.0 = Release|Any CPU
	EndGlobalSection
	GlobalSection(SolutionProperties) = preSolution
		HideSolutionNode = FALSE
	EndGlobalSection
EndGlobal
