
Microsoft Visual Studio Solution File, Format Version 12.00
# Visual Studio 2013
VisualStudioVersion = 12.0.40629.0
MinimumVisualStudioVersion = 10.0.40219.1
Project("{FAE04EC0-301F-11D3-BF4B-00C04F79EFBC}") = "DemoWCFSingleton.Service", "DemoWCFSingleton.Service\DemoWCFSingleton.Service.csproj", "{BFAE10D0-A40A-4679-AE64-111456F2EFF4}"
EndProject
Project("{FAE04EC0-301F-11D3-BF4B-00C04F79EFBC}") = "DemoWCFSingleton.WebUI", "DemoWCFSingleton.WebUI\DemoWCFSingleton.WebUI.csproj", "{B48FF83D-FF2F-4678-AC8A-2847C05B56C9}"
	ProjectSection(ProjectDependencies) = postProject
		{BFAE10D0-A40A-4679-AE64-111456F2EFF4} = {BFAE10D0-A40A-4679-AE64-111456F2EFF4}
	EndProjectSection
EndProject
Global
	GlobalSection(SolutionConfigurationPlatforms) = preSolution
		Debug|Any CPU = Debug|Any CPU
		Release|Any CPU = Release|Any CPU
	EndGlobalSection
	GlobalSection(ProjectConfigurationPlatforms) = postSolution
		{BFAE10D0-A40A-4679-AE64-111456F2EFF4}.Debug|Any CPU.ActiveCfg = Debug|Any CPU
		{BFAE10D0-A40A-4679-AE64-111456F2EFF4}.Debug|Any CPU.Build.0 = Debug|Any CPU
		{BFAE10D0-A40A-4679-AE64-111456F2EFF4}.Release|Any CPU.ActiveCfg = Release|Any CPU
		{BFAE10D0-A40A-4679-AE64-111456F2EFF4}.Release|Any CPU.Build.0 = Release|Any CPU
		{B48FF83D-FF2F-4678-AC8A-2847C05B56C9}.Debug|Any CPU.ActiveCfg = Debug|Any CPU
		{B48FF83D-FF2F-4678-AC8A-2847C05B56C9}.Debug|Any CPU.Build.0 = Debug|Any CPU
		{B48FF83D-FF2F-4678-AC8A-2847C05B56C9}.Release|Any CPU.ActiveCfg = Release|Any CPU
		{B48FF83D-FF2F-4678-AC8A-2847C05B56C9}.Release|Any CPU.Build.0 = Release|Any CPU
	EndGlobalSection
	GlobalSection(SolutionProperties) = preSolution
		HideSolutionNode = FALSE
	EndGlobalSection
EndGlobal
