
Microsoft Visual Studio Solution File, Format Version 12.00
# Visual Studio 2013
VisualStudioVersion = 12.0.40629.0
MinimumVisualStudioVersion = 10.0.40219.1
Project("{FAE04EC0-301F-11D3-BF4B-00C04F79EFBC}") = "DemoHandlingExceptions.Service", "DemoHandlingExceptions.Service\DemoHandlingExceptions.Service.csproj", "{AD1CF713-DA8B-42A5-85A7-FF2373123292}"
EndProject
Project("{FAE04EC0-301F-11D3-BF4B-00C04F79EFBC}") = "DemoHandlingExceptions.Client", "DemoHandlingExceptions.Client\DemoHandlingExceptions.Client.csproj", "{356489A7-8C1D-40A4-9585-89735D6CAFF3}"
	ProjectSection(ProjectDependencies) = postProject
		{AD1CF713-DA8B-42A5-85A7-FF2373123292} = {AD1CF713-DA8B-42A5-85A7-FF2373123292}
	EndProjectSection
EndProject
Global
	GlobalSection(SolutionConfigurationPlatforms) = preSolution
		Debug|Any CPU = Debug|Any CPU
		Release|Any CPU = Release|Any CPU
	EndGlobalSection
	GlobalSection(ProjectConfigurationPlatforms) = postSolution
		{AD1CF713-DA8B-42A5-85A7-FF2373123292}.Debug|Any CPU.ActiveCfg = Debug|Any CPU
		{AD1CF713-DA8B-42A5-85A7-FF2373123292}.Debug|Any CPU.Build.0 = Debug|Any CPU
		{AD1CF713-DA8B-42A5-85A7-FF2373123292}.Release|Any CPU.ActiveCfg = Release|Any CPU
		{AD1CF713-DA8B-42A5-85A7-FF2373123292}.Release|Any CPU.Build.0 = Release|Any CPU
		{356489A7-8C1D-40A4-9585-89735D6CAFF3}.Debug|Any CPU.ActiveCfg = Debug|Any CPU
		{356489A7-8C1D-40A4-9585-89735D6CAFF3}.Debug|Any CPU.Build.0 = Debug|Any CPU
		{356489A7-8C1D-40A4-9585-89735D6CAFF3}.Release|Any CPU.ActiveCfg = Release|Any CPU
		{356489A7-8C1D-40A4-9585-89735D6CAFF3}.Release|Any CPU.Build.0 = Release|Any CPU
	EndGlobalSection
	GlobalSection(SolutionProperties) = preSolution
		HideSolutionNode = FALSE
	EndGlobalSection
EndGlobal
